
Microsoft Visual Studio Solution File, Format Version 12.00
# Visual Studio Version 16
VisualStudioVersion = 16.0.30413.136
MinimumVisualStudioVersion = 10.0.40219.1
Project("{9A19103F-16F7-4668-BE54-9A1E7A4F7556}") = "TextTcpIp", "TextTcpIp\TextTcpIp.csproj", "{6777B4B8-363C-43B6-AD60-DC58D3830194}"
EndProject
Project("{2150E333-8FDC-42A3-9474-1A3956D46DE8}") = "Solution Items", "Solution Items", "{3E6D0D81-A536-4F66-9279-92F9E3094C3C}"
	ProjectSection(SolutionItems) = preProject
		ReadMe.md = ReadMe.md
	EndProjectSection
EndProject
Global
	GlobalSection(SolutionConfigurationPlatforms) = preSolution
		Debug|Any CPU = Debug|Any CPU
		Release|Any CPU = Release|Any CPU
	EndGlobalSection
	GlobalSection(ProjectConfigurationPlatforms) = postSolution
		{6777B4B8-363C-43B6-AD60-DC58D3830194}.Debug|Any CPU.ActiveCfg = Debug|Any CPU
		{6777B4B8-363C-43B6-AD60-DC58D3830194}.Debug|Any CPU.Build.0 = Debug|Any CPU
		{6777B4B8-363C-43B6-AD60-DC58D3830194}.Release|Any CPU.ActiveCfg = Release|Any CPU
		{6777B4B8-363C-43B6-AD60-DC58D3830194}.Release|Any CPU.Build.0 = Release|Any CPU
	EndGlobalSection
	GlobalSection(SolutionProperties) = preSolution
		HideSolutionNode = FALSE
	EndGlobalSection
	GlobalSection(ExtensibilityGlobals) = postSolution
		SolutionGuid = {794B15A3-D7A4-49A4-B069-6BF962B4877A}
	EndGlobalSection
EndGlobal
